
Microsoft Visual Studio Solution File, Format Version 12.00
# Visual Studio Version 16
VisualStudioVersion = 16.0.29905.134
MinimumVisualStudioVersion = 10.0.40219.1
Project("{FAE04EC0-301F-11D3-BF4B-00C04F79EFBC}") = "KK.Workflow.Service", "KK.Workflow.Service\KK.Workflow.Service.csproj", "{BAC02BE6-2D54-4EDE-A1FE-989ECD09AA2C}"
EndProject
Global
	GlobalSection(SolutionConfigurationPlatforms) = preSolution
		Debug|Any CPU = Debug|Any CPU
		Release|Any CPU = Release|Any CPU
	EndGlobalSection
	GlobalSection(ProjectConfigurationPlatforms) = postSolution
		{BAC02BE6-2D54-4EDE-A1FE-989ECD09AA2C}.Debug|Any CPU.ActiveCfg = Debug|Any CPU
		{BAC02BE6-2D54-4EDE-A1FE-989ECD09AA2C}.Debug|Any CPU.Build.0 = Debug|Any CPU
		{BAC02BE6-2D54-4EDE-A1FE-989ECD09AA2C}.Release|Any CPU.ActiveCfg = Release|Any CPU
		{BAC02BE6-2D54-4EDE-A1FE-989ECD09AA2C}.Release|Any CPU.Build.0 = Release|Any CPU
	EndGlobalSection
	GlobalSection(SolutionProperties) = preSolution
		HideSolutionNode = FALSE
	EndGlobalSection
	GlobalSection(ExtensibilityGlobals) = postSolution
		SolutionGuid = {62E68F4C-5244-4439-8FA6-FA9FB010BB35}
	EndGlobalSection
EndGlobal
